
Microsoft Visual Studio Solution File, Format Version 12.00
# Visual Studio Version 17
VisualStudioVersion = 17.7.34031.279
MinimumVisualStudioVersion = 10.0.40219.1
Project("{FAE04EC0-301F-11D3-BF4B-00C04F79EFBC}") = "Entites", "Entites\Entites.csproj", "{EAEB6A7C-DFAD-4457-BF15-BC9E4044C8D0}"
EndProject
Project("{FAE04EC0-301F-11D3-BF4B-00C04F79EFBC}") = "DataAccess", "DataAccess\DataAccess.csproj", "{F55C7AC3-7895-4118-9ED6-EE09CFDF22BA}"
EndProject
Project("{FAE04EC0-301F-11D3-BF4B-00C04F79EFBC}") = "Business", "Business\Business.csproj", "{A3B5E809-1215-4508-A90C-499069CB1351}"
EndProject
Project("{FAE04EC0-301F-11D3-BF4B-00C04F79EFBC}") = "ConsoleUI", "ConsoleUI\ConsoleUI.csproj", "{DF120EFE-58CC-49B0-A6D7-2124E3A0AA16}"
EndProject
Global
	GlobalSection(SolutionConfigurationPlatforms) = preSolution
		Debug|Any CPU = Debug|Any CPU
		Release|Any CPU = Release|Any CPU
	EndGlobalSection
	GlobalSection(ProjectConfigurationPlatforms) = postSolution
		{EAEB6A7C-DFAD-4457-BF15-BC9E4044C8D0}.Debug|Any CPU.ActiveCfg = Debug|Any CPU
		{EAEB6A7C-DFAD-4457-BF15-BC9E4044C8D0}.Debug|Any CPU.Build.0 = Debug|Any CPU
		{EAEB6A7C-DFAD-4457-BF15-BC9E4044C8D0}.Release|Any CPU.ActiveCfg = Release|Any CPU
		{EAEB6A7C-DFAD-4457-BF15-BC9E4044C8D0}.Release|Any CPU.Build.0 = Release|Any CPU
		{F55C7AC3-7895-4118-9ED6-EE09CFDF22BA}.Debug|Any CPU.ActiveCfg = Debug|Any CPU
		{F55C7AC3-7895-4118-9ED6-EE09CFDF22BA}.Debug|Any CPU.Build.0 = Debug|Any CPU
		{F55C7AC3-7895-4118-9ED6-EE09CFDF22BA}.Release|Any CPU.ActiveCfg = Release|Any CPU
		{F55C7AC3-7895-4118-9ED6-EE09CFDF22BA}.Release|Any CPU.Build.0 = Release|Any CPU
		{A3B5E809-1215-4508-A90C-499069CB1351}.Debug|Any CPU.ActiveCfg = Debug|Any CPU
		{A3B5E809-1215-4508-A90C-499069CB1351}.Debug|Any CPU.Build.0 = Debug|Any CPU
		{A3B5E809-1215-4508-A90C-499069CB1351}.Release|Any CPU.ActiveCfg = Release|Any CPU
		{A3B5E809-1215-4508-A90C-499069CB1351}.Release|Any CPU.Build.0 = Release|Any CPU
		{DF120EFE-58CC-49B0-A6D7-2124E3A0AA16}.Debug|Any CPU.ActiveCfg = Debug|Any CPU
		{DF120EFE-58CC-49B0-A6D7-2124E3A0AA16}.Debug|Any CPU.Build.0 = Debug|Any CPU
		{DF120EFE-58CC-49B0-A6D7-2124E3A0AA16}.Release|Any CPU.ActiveCfg = Release|Any CPU
		{DF120EFE-58CC-49B0-A6D7-2124E3A0AA16}.Release|Any CPU.Build.0 = Release|Any CPU
	EndGlobalSection
	GlobalSection(SolutionProperties) = preSolution
		HideSolutionNode = FALSE
	EndGlobalSection
	GlobalSection(ExtensibilityGlobals) = postSolution
		SolutionGuid = {5C82E001-EEDC-4C9A-A7AB-AF29D5FA158B}
	EndGlobalSection
EndGlobal
